// !$*UTF8*$!
{
	archiveVersion = 1;
	classes = {};
	objectVersion = 56;
	objects = {

/* Begin PBXBuildFile section */
		H1B001 /* HomeStrengthApp.swift in Sources */ = {isa = PBXBuildFile; fileRef = H2F001 /* HomeStrengthApp.swift */; };
		H1B002 /* ContentView.swift in Sources */ = {isa = PBXBuildFile; fileRef = H2F002 /* ContentView.swift */; };
		H1B003 /* WorkoutDetailView.swift in Sources */ = {isa = PBXBuildFile; fileRef = H2F003 /* WorkoutDetailView.swift */; };
		H1B004 /* Exercise.swift in Sources */ = {isa = PBXBuildFile; fileRef = H2F004 /* Exercise.swift */; };
		H1B005 /* Workout.swift in Sources */ = {isa = PBXBuildFile; fileRef = H2F005 /* Workout.swift */; };
		H1B006 /* WorkoutStore.swift in Sources */ = {isa = PBXBuildFile; fileRef = H2F006 /* WorkoutStore.swift */; };
		H1B007 /* Assets.xcassets in Resources */ = {isa = PBXBuildFile; fileRef = H2F007 /* Assets.xcassets */; };
		H1B008 /* DesignWorkoutView.swift in Sources */ = {isa = PBXBuildFile; fileRef = H2F009 /* DesignWorkoutView.swift */; };
		H1B009 /* UserProfile.swift in Sources */ = {isa = PBXBuildFile; fileRef = H2F00A /* UserProfile.swift */; };
		H1B00A /* UserStore.swift in Sources */ = {isa = PBXBuildFile; fileRef = H2F00B /* UserStore.swift */; };
		H1B00B /* WorkoutLog.swift in Sources */ = {isa = PBXBuildFile; fileRef = H2F00C /* WorkoutLog.swift */; };
		H1B00C /* ProgressStore.swift in Sources */ = {isa = PBXBuildFile; fileRef = H2F00D /* ProgressStore.swift */; };
		H1B00D /* ExerciseDetail.swift in Sources */ = {isa = PBXBuildFile; fileRef = H2F00E /* ExerciseDetail.swift */; };
		H1B00E /* MainTabView.swift in Sources */ = {isa = PBXBuildFile; fileRef = H2F00F /* MainTabView.swift */; };
		H1B00F /* UserSelectionView.swift in Sources */ = {isa = PBXBuildFile; fileRef = H2F010 /* UserSelectionView.swift */; };
		H1B010 /* DashboardView.swift in Sources */ = {isa = PBXBuildFile; fileRef = H2F011 /* DashboardView.swift */; };
		H1B011 /* ExerciseLibraryView.swift in Sources */ = {isa = PBXBuildFile; fileRef = H2F012 /* ExerciseLibraryView.swift */; };
		H1B012 /* LogWorkoutSheet.swift in Sources */ = {isa = PBXBuildFile; fileRef = H2F013 /* LogWorkoutSheet.swift */; };
		H1B013 /* RestTimerView.swift in Sources */ = {isa = PBXBuildFile; fileRef = H2F014 /* RestTimerView.swift */; };
		H1B014 /* CelebrationView.swift in Sources */ = {isa = PBXBuildFile; fileRef = H2F015 /* CelebrationView.swift */; };
		H1B015 /* GroupFitness.swift in Sources */ = {isa = PBXBuildFile; fileRef = H2F016 /* GroupFitness.swift */; };
		H1B016 /* GroupFitnessStore.swift in Sources */ = {isa = PBXBuildFile; fileRef = H2F017 /* GroupFitnessStore.swift */; };
		H1B017 /* GroupFitnessTabView.swift in Sources */ = {isa = PBXBuildFile; fileRef = H2F018 /* GroupFitnessTabView.swift */; };
		H1B018 /* GroupFitnessRoutinesView.swift in Sources */ = {isa = PBXBuildFile; fileRef = H2F019 /* GroupFitnessRoutinesView.swift */; };
		H1B019 /* GroupRoutineDetailView.swift in Sources */ = {isa = PBXBuildFile; fileRef = H2F01A /* GroupRoutineDetailView.swift */; };
		H1B01A /* ClassTimerView.swift in Sources */ = {isa = PBXBuildFile; fileRef = H2F01B /* ClassTimerView.swift */; };
		H1B01B /* LogClassSheet.swift in Sources */ = {isa = PBXBuildFile; fileRef = H2F01C /* LogClassSheet.swift */; };
		H1B01C /* GroupFitnessHistoryView.swift in Sources */ = {isa = PBXBuildFile; fileRef = H2F01D /* GroupFitnessHistoryView.swift */; };
		H1B01D /* GroupFitnessTimerPlaceholderView.swift in Sources */ = {isa = PBXBuildFile; fileRef = H2F01E /* GroupFitnessTimerPlaceholderView.swift */; };
		H1B01E /* WorkoutGenerator.swift in Sources */ = {isa = PBXBuildFile; fileRef = H2F01F /* WorkoutGenerator.swift */; };
		H1B01F /* RandomWorkoutGeneratorView.swift in Sources */ = {isa = PBXBuildFile; fileRef = H2F020 /* RandomWorkoutGeneratorView.swift */; };
/* End PBXBuildFile section */

/* Begin PBXFileReference section */
		H0APP /* HomeStrength.app */ = {isa = PBXFileReference; explicitFileType = wrapper.application; includeInIndex = 0; path = HomeStrength.app; sourceTree = BUILT_PRODUCTS_DIR; };
		H2F001 /* HomeStrengthApp.swift */ = {isa = PBXFileReference; lastKnownFileType = sourcecode.swift; path = HomeStrengthApp.swift; sourceTree = "<group>"; };
		H2F002 /* ContentView.swift */ = {isa = PBXFileReference; lastKnownFileType = sourcecode.swift; path = ContentView.swift; sourceTree = "<group>"; };
		H2F003 /* WorkoutDetailView.swift */ = {isa = PBXFileReference; lastKnownFileType = sourcecode.swift; path = WorkoutDetailView.swift; sourceTree = "<group>"; };
		H2F004 /* Exercise.swift */ = {isa = PBXFileReference; lastKnownFileType = sourcecode.swift; path = Exercise.swift; sourceTree = "<group>"; };
		H2F005 /* Workout.swift */ = {isa = PBXFileReference; lastKnownFileType = sourcecode.swift; path = Workout.swift; sourceTree = "<group>"; };
		H2F006 /* WorkoutStore.swift */ = {isa = PBXFileReference; lastKnownFileType = sourcecode.swift; path = WorkoutStore.swift; sourceTree = "<group>"; };
		H2F007 /* Assets.xcassets */ = {isa = PBXFileReference; lastKnownFileType = folder.assetcatalog; path = Assets.xcassets; sourceTree = "<group>"; };
		H2F008 /* Info.plist */ = {isa = PBXFileReference; lastKnownFileType = text.plist.xml; path = Info.plist; sourceTree = "<group>"; };
		H2F009 /* DesignWorkoutView.swift */ = {isa = PBXFileReference; lastKnownFileType = sourcecode.swift; path = DesignWorkoutView.swift; sourceTree = "<group>"; };
		H2F00A /* UserProfile.swift */ = {isa = PBXFileReference; lastKnownFileType = sourcecode.swift; path = UserProfile.swift; sourceTree = "<group>"; };
		H2F00B /* UserStore.swift */ = {isa = PBXFileReference; lastKnownFileType = sourcecode.swift; path = UserStore.swift; sourceTree = "<group>"; };
		H2F00C /* WorkoutLog.swift */ = {isa = PBXFileReference; lastKnownFileType = sourcecode.swift; path = WorkoutLog.swift; sourceTree = "<group>"; };
		H2F00D /* ProgressStore.swift */ = {isa = PBXFileReference; lastKnownFileType = sourcecode.swift; path = ProgressStore.swift; sourceTree = "<group>"; };
		H2F00E /* ExerciseDetail.swift */ = {isa = PBXFileReference; lastKnownFileType = sourcecode.swift; path = ExerciseDetail.swift; sourceTree = "<group>"; };
		H2F00F /* MainTabView.swift */ = {isa = PBXFileReference; lastKnownFileType = sourcecode.swift; path = MainTabView.swift; sourceTree = "<group>"; };
		H2F010 /* UserSelectionView.swift */ = {isa = PBXFileReference; lastKnownFileType = sourcecode.swift; path = UserSelectionView.swift; sourceTree = "<group>"; };
		H2F011 /* DashboardView.swift */ = {isa = PBXFileReference; lastKnownFileType = sourcecode.swift; path = DashboardView.swift; sourceTree = "<group>"; };
		H2F012 /* ExerciseLibraryView.swift */ = {isa = PBXFileReference; lastKnownFileType = sourcecode.swift; path = ExerciseLibraryView.swift; sourceTree = "<group>"; };
		H2F013 /* LogWorkoutSheet.swift */ = {isa = PBXFileReference; lastKnownFileType = sourcecode.swift; path = LogWorkoutSheet.swift; sourceTree = "<group>"; };
		H2F014 /* RestTimerView.swift */ = {isa = PBXFileReference; lastKnownFileType = sourcecode.swift; path = RestTimerView.swift; sourceTree = "<group>"; };
		H2F015 /* CelebrationView.swift */ = {isa = PBXFileReference; lastKnownFileType = sourcecode.swift; path = CelebrationView.swift; sourceTree = "<group>"; };
		H2F016 /* GroupFitness.swift */ = {isa = PBXFileReference; lastKnownFileType = sourcecode.swift; path = GroupFitness.swift; sourceTree = "<group>"; };
		H2F017 /* GroupFitnessStore.swift */ = {isa = PBXFileReference; lastKnownFileType = sourcecode.swift; path = GroupFitnessStore.swift; sourceTree = "<group>"; };
		H2F018 /* GroupFitnessTabView.swift */ = {isa = PBXFileReference; lastKnownFileType = sourcecode.swift; path = GroupFitnessTabView.swift; sourceTree = "<group>"; };
		H2F019 /* GroupFitnessRoutinesView.swift */ = {isa = PBXFileReference; lastKnownFileType = sourcecode.swift; path = GroupFitnessRoutinesView.swift; sourceTree = "<group>"; };
		H2F01A /* GroupRoutineDetailView.swift */ = {isa = PBXFileReference; lastKnownFileType = sourcecode.swift; path = GroupRoutineDetailView.swift; sourceTree = "<group>"; };
		H2F01B /* ClassTimerView.swift */ = {isa = PBXFileReference; lastKnownFileType = sourcecode.swift; path = ClassTimerView.swift; sourceTree = "<group>"; };
		H2F01C /* LogClassSheet.swift */ = {isa = PBXFileReference; lastKnownFileType = sourcecode.swift; path = LogClassSheet.swift; sourceTree = "<group>"; };
		H2F01D /* GroupFitnessHistoryView.swift */ = {isa = PBXFileReference; lastKnownFileType = sourcecode.swift; path = GroupFitnessHistoryView.swift; sourceTree = "<group>"; };
		H2F01E /* GroupFitnessTimerPlaceholderView.swift */ = {isa = PBXFileReference; lastKnownFileType = sourcecode.swift; path = GroupFitnessTimerPlaceholderView.swift; sourceTree = "<group>"; };
		H2F01F /* WorkoutGenerator.swift */ = {isa = PBXFileReference; lastKnownFileType = sourcecode.swift; path = WorkoutGenerator.swift; sourceTree = "<group>"; };
		H2F020 /* RandomWorkoutGeneratorView.swift */ = {isa = PBXFileReference; lastKnownFileType = sourcecode.swift; path = RandomWorkoutGeneratorView.swift; sourceTree = "<group>"; };
/* End PBXFileReference section */

/* Begin PBXFrameworksBuildPhase section */
		H1F001 /* Frameworks */ = {isa = PBXFrameworksBuildPhase; buildActionMask = 2147483647; files = (); runOnlyForDeploymentPostprocessing = 0; };
/* End PBXFrameworksBuildPhase section */

/* Begin PBXGroup section */
		H3G001 = {isa = PBXGroup; children = (H3G002 /* HomeStrength */, H3G010 /* Products */); sourceTree = "<group>"; };
		H3G002 /* HomeStrength */ = {isa = PBXGroup; children = (H2F001 /* HomeStrengthApp.swift */, H3G003 /* Models */, H3G004 /* Services */, H3G005 /* Views */, H2F007 /* Assets.xcassets */, H2F008 /* Info.plist */); path = .; sourceTree = "<group>"; };
		H3G003 /* Models */ = {isa = PBXGroup; children = (H2F004 /* Exercise.swift */, H2F005 /* Workout.swift */, H2F00A /* UserProfile.swift */, H2F00C /* WorkoutLog.swift */, H2F00E /* ExerciseDetail.swift */, H2F016 /* GroupFitness.swift */); path = Models; sourceTree = "<group>"; };
		H3G004 /* Services */ = {isa = PBXGroup; children = (H2F006 /* WorkoutStore.swift */, H2F00B /* UserStore.swift */, H2F00D /* ProgressStore.swift */, H2F017 /* GroupFitnessStore.swift */, H2F01F /* WorkoutGenerator.swift */); path = Services; sourceTree = "<group>"; };
		H3G005 /* Views */ = {isa = PBXGroup; children = (H2F002 /* ContentView.swift */, H2F003 /* WorkoutDetailView.swift */, H2F009 /* DesignWorkoutView.swift */, H2F00F /* MainTabView.swift */, H2F010 /* UserSelectionView.swift */, H2F011 /* DashboardView.swift */, H2F012 /* ExerciseLibraryView.swift */, H2F013 /* LogWorkoutSheet.swift */, H2F014 /* RestTimerView.swift */, H2F015 /* CelebrationView.swift */, H2F018 /* GroupFitnessTabView.swift */, H2F019 /* GroupFitnessRoutinesView.swift */, H2F01A /* GroupRoutineDetailView.swift */, H2F01B /* ClassTimerView.swift */, H2F01C /* LogClassSheet.swift */, H2F01D /* GroupFitnessHistoryView.swift */, H2F01E /* GroupFitnessTimerPlaceholderView.swift */, H2F020 /* RandomWorkoutGeneratorView.swift */); path = Views; sourceTree = "<group>"; };
		H3G010 /* Products */ = {isa = PBXGroup; children = (H0APP /* HomeStrength.app */); name = Products; sourceTree = "<group>"; };
/* End PBXGroup section */

/* Begin PBXNativeTarget section */
		H0T001 /* HomeStrength */ = {isa = PBXNativeTarget; buildConfigurationList = H0C003; buildPhases = (H1E001 /* Sources */, H1F001 /* Frameworks */, H1E002 /* Resources */); buildRules = (); dependencies = (); name = HomeStrength; productName = HomeStrength; productReference = H0APP; productType = "com.apple.product-type.application"; };
/* End PBXNativeTarget section */

/* Begin PBXProject section */
		H0B001 /* Project object */ = {isa = PBXProject; attributes = {BuildIndependentTargetsInParallel = 1; LastSwiftUpdateCheck = 1500; LastUpgradeCheck = 1500; }; buildConfigurationList = H0C001; compatibilityVersion = "Xcode 14.0"; developmentRegion = en; hasScannedForEncodings = 0; knownRegions = (en, Base); mainGroup = H3G001; productRefGroup = H3G010; projectDirPath = ""; projectRoot = ""; targets = (H0T001 /* HomeStrength */); };
/* End PBXProject section */

/* Begin PBXResourcesBuildPhase section */
		H1E002 /* Resources */ = {isa = PBXResourcesBuildPhase; buildActionMask = 2147483647; files = (H1B007 /* Assets.xcassets in Resources */); runOnlyForDeploymentPostprocessing = 0; };
/* End PBXResourcesBuildPhase section */

/* Begin PBXSourcesBuildPhase section */
		H1E001 /* Sources */ = {isa = PBXSourcesBuildPhase; buildActionMask = 2147483647; files = (H1B001 /* HomeStrengthApp.swift in Sources */, H1B002 /* ContentView.swift in Sources */, H1B003 /* WorkoutDetailView.swift in Sources */, H1B008 /* DesignWorkoutView.swift in Sources */, H1B004 /* Exercise.swift in Sources */, H1B005 /* Workout.swift in Sources */, H1B006 /* WorkoutStore.swift in Sources */, H1B009 /* UserProfile.swift in Sources */, H1B00A /* UserStore.swift in Sources */, H1B00B /* WorkoutLog.swift in Sources */, H1B00C /* ProgressStore.swift in Sources */, H1B00D /* ExerciseDetail.swift in Sources */, H1B00E /* MainTabView.swift in Sources */, H1B00F /* UserSelectionView.swift in Sources */, H1B010 /* DashboardView.swift in Sources */, H1B011 /* ExerciseLibraryView.swift in Sources */, H1B012 /* LogWorkoutSheet.swift in Sources */, H1B013 /* RestTimerView.swift in Sources */, H1B014 /* CelebrationView.swift in Sources */, H1B015 /* GroupFitness.swift in Sources */, H1B016 /* GroupFitnessStore.swift in Sources */, H1B017 /* GroupFitnessTabView.swift in Sources */, H1B018 /* GroupFitnessRoutinesView.swift in Sources */, H1B019 /* GroupRoutineDetailView.swift in Sources */, H1B01A /* ClassTimerView.swift in Sources */, H1B01B /* LogClassSheet.swift in Sources */, H1B01C /* GroupFitnessHistoryView.swift in Sources */, H1B01D /* GroupFitnessTimerPlaceholderView.swift in Sources */, H1B01E /* WorkoutGenerator.swift in Sources */, H1B01F /* RandomWorkoutGeneratorView.swift in Sources */); runOnlyForDeploymentPostprocessing = 0; };
/* End PBXSourcesBuildPhase section */

/* Begin XCBuildConfiguration section */
		H0C004 /* Debug */ = {isa = XCBuildConfiguration; buildSettings = {ALWAYS_SEARCH_USER_PATHS = NO; ASSETCATALOG_COMPILER_GENERATE_SWIFT_ASSET_SYMBOL_EXTENSIONS = YES; CLANG_ANALYZER_NONNULL = YES; CLANG_ENABLE_MODULES = YES; CLANG_ENABLE_OBJC_ARC = YES; COPY_PHASE_STRIP = NO; DEBUG_INFORMATION_FORMAT = dwarf; ENABLE_STRICT_OBJC_MSGSEND = YES; ENABLE_TESTABILITY = YES; GCC_OPTIMIZATION_LEVEL = 0; IPHONEOS_DEPLOYMENT_TARGET = 16.0; MTL_ENABLE_DEBUG_INFO = INCLUDE_SOURCE; MTL_FAST_MATH = YES; ONLY_ACTIVE_ARCH = YES; SDKROOT = iphoneos; SWIFT_ACTIVE_COMPILATION_CONDITIONS = DEBUG; SWIFT_OPTIMIZATION_LEVEL = "-Onone"; }; name = Debug; };
		H0C005 /* Release */ = {isa = XCBuildConfiguration; buildSettings = {ALWAYS_SEARCH_USER_PATHS = NO; ASSETCATALOG_COMPILER_GENERATE_SWIFT_ASSET_SYMBOL_EXTENSIONS = YES; CLANG_ANALYZER_NONNULL = YES; CLANG_ENABLE_MODULES = YES; CLANG_ENABLE_OBJC_ARC = YES; COPY_PHASE_STRIP = NO; DEBUG_INFORMATION_FORMAT = "dwarf-with-dsym"; ENABLE_NS_ASSERTIONS = NO; ENABLE_STRICT_OBJC_MSGSEND = YES; GCC_OPTIMIZATION_LEVEL = s; IPHONEOS_DEPLOYMENT_TARGET = 16.0; MTL_ENABLE_DEBUG_INFO = NO; MTL_FAST_MATH = YES; SDKROOT = iphoneos; SWIFT_COMPILATION_MODE = wholemodule; VALIDATE_PRODUCT = YES; }; name = Release; };
		H0C006 /* Debug */ = {isa = XCBuildConfiguration; buildSettings = {ASSETCATALOG_COMPILER_APPICON_NAME = AppIcon; ASSETCATALOG_COMPILER_GLOBAL_ACCENT_COLOR_NAME = AccentColor; CODE_SIGN_STYLE = Automatic; CURRENT_PROJECT_VERSION = 1; DEVELOPMENT_ASSET_PATHS = ""; DEVELOPMENT_TEAM = YTY564XJWX; ENABLE_PREVIEWS = YES; GENERATE_INFOPLIST_FILE = YES; INFOPLIST_FILE = Info.plist; LD_RUNPATH_SEARCH_PATHS = ("$(inherited)", "@executable_path/Frameworks"); MARKETING_VERSION = 1.0; PRODUCT_BUNDLE_IDENTIFIER = com.homestrength.app; PRODUCT_NAME = "$(TARGET_NAME)"; SWIFT_EMIT_LOC_STRINGS = YES; SWIFT_VERSION = 5.0; TARGETED_DEVICE_FAMILY = "1,2"; }; name = Debug; };
		H0C007 /* Release */ = {isa = XCBuildConfiguration; buildSettings = {ASSETCATALOG_COMPILER_APPICON_NAME = AppIcon; ASSETCATALOG_COMPILER_GLOBAL_ACCENT_COLOR_NAME = AccentColor; CODE_SIGN_STYLE = Automatic; CURRENT_PROJECT_VERSION = 1; DEVELOPMENT_ASSET_PATHS = ""; DEVELOPMENT_TEAM = YTY564XJWX; ENABLE_PREVIEWS = YES; GENERATE_INFOPLIST_FILE = YES; INFOPLIST_FILE = Info.plist; LD_RUNPATH_SEARCH_PATHS = ("$(inherited)", "@executable_path/Frameworks"); MARKETING_VERSION = 1.0; PRODUCT_BUNDLE_IDENTIFIER = com.homestrength.app; PRODUCT_NAME = "$(TARGET_NAME)"; SWIFT_EMIT_LOC_STRINGS = YES; SWIFT_VERSION = 5.0; TARGETED_DEVICE_FAMILY = "1,2"; }; name = Release; };
/* End XCBuildConfiguration section */

/* Begin XCConfigurationList section */
		H0C001 /* Build configuration list for PBXProject */ = {isa = XCConfigurationList; buildConfigurations = (H0C004, H0C005); defaultConfigurationIsVisible = 0; defaultConfigurationName = Release; };
		H0C003 /* Build configuration list for PBXNativeTarget */ = {isa = XCConfigurationList; buildConfigurations = (H0C006, H0C007); defaultConfigurationIsVisible = 0; defaultConfigurationName = Release; };
/* End XCConfigurationList section */
	};
	rootObject = H0B001 /* Project object */;
}
